
Microsoft Visual Studio Solution File, Format Version 12.00
# Visual Studio 15
VisualStudioVersion = 15.0.28010.2026
MinimumVisualStudioVersion = 10.0.40219.1
Project("{FAE04EC0-301F-11D3-BF4B-00C04F79EFBC}") = "ProyectoXamarin.Android", "ProyectoXamarin\ProyectoXamarin.Android\ProyectoXamarin.Android.csproj", "{9B1F2465-F684-4309-9F91-994DCA1C5B70}"
EndProject
Project("{FAE04EC0-301F-11D3-BF4B-00C04F79EFBC}") = "ProyectoXamarin.UWP", "ProyectoXamarin\ProyectoXamarin.UWP\ProyectoXamarin.UWP.csproj", "{AFC397B8-9B9E-4FDE-8B67-945ECF9857A7}"
EndProject
Project("{FAE04EC0-301F-11D3-BF4B-00C04F79EFBC}") = "ProyectoXamarin", "ProyectoXamarin\ProyectoXamarin\ProyectoXamarin.csproj", "{217708AE-80D5-4971-A23C-FE6658008648}"
EndProject
Global
	GlobalSection(SolutionConfigurationPlatforms) = preSolution
		Debug|Any CPU = Debug|Any CPU
		Debug|ARM = Debug|ARM
		Debug|x64 = Debug|x64
		Debug|x86 = Debug|x86
		Release|Any CPU = Release|Any CPU
		Release|ARM = Release|ARM
		Release|x64 = Release|x64
		Release|x86 = Release|x86
	EndGlobalSection
	GlobalSection(ProjectConfigurationPlatforms) = postSolution
		{9B1F2465-F684-4309-9F91-994DCA1C5B70}.Debug|Any CPU.ActiveCfg = Debug|Any CPU
		{9B1F2465-F684-4309-9F91-994DCA1C5B70}.Debug|Any CPU.Build.0 = Debug|Any CPU
		{9B1F2465-F684-4309-9F91-994DCA1C5B70}.Debug|Any CPU.Deploy.0 = Debug|Any CPU
		{9B1F2465-F684-4309-9F91-994DCA1C5B70}.Debug|ARM.ActiveCfg = Debug|Any CPU
		{9B1F2465-F684-4309-9F91-994DCA1C5B70}.Debug|ARM.Build.0 = Debug|Any CPU
		{9B1F2465-F684-4309-9F91-994DCA1C5B70}.Debug|ARM.Deploy.0 = Debug|Any CPU
		{9B1F2465-F684-4309-9F91-994DCA1C5B70}.Debug|x64.ActiveCfg = Debug|Any CPU
		{9B1F2465-F684-4309-9F91-994DCA1C5B70}.Debug|x64.Build.0 = Debug|Any CPU
		{9B1F2465-F684-4309-9F91-994DCA1C5B70}.Debug|x64.Deploy.0 = Debug|Any CPU
		{9B1F2465-F684-4309-9F91-994DCA1C5B70}.Debug|x86.ActiveCfg = Debug|Any CPU
		{9B1F2465-F684-4309-9F91-994DCA1C5B70}.Debug|x86.Build.0 = Debug|Any CPU
		{9B1F2465-F684-4309-9F91-994DCA1C5B70}.Debug|x86.Deploy.0 = Debug|Any CPU
		{9B1F2465-F684-4309-9F91-994DCA1C5B70}.Release|Any CPU.ActiveCfg = Release|Any CPU
		{9B1F2465-F684-4309-9F91-994DCA1C5B70}.Release|Any CPU.Build.0 = Release|Any CPU
		{9B1F2465-F684-4309-9F91-994DCA1C5B70}.Release|Any CPU.Deploy.0 = Release|Any CPU
		{9B1F2465-F684-4309-9F91-994DCA1C5B70}.Release|ARM.ActiveCfg = Release|Any CPU
		{9B1F2465-F684-4309-9F91-994DCA1C5B70}.Release|ARM.Build.0 = Release|Any CPU
		{9B1F2465-F684-4309-9F91-994DCA1C5B70}.Release|ARM.Deploy.0 = Release|Any CPU
		{9B1F2465-F684-4309-9F91-994DCA1C5B70}.Release|x64.ActiveCfg = Release|Any CPU
		{9B1F2465-F684-4309-9F91-994DCA1C5B70}.Release|x64.Build.0 = Release|Any CPU
		{9B1F2465-F684-4309-9F91-994DCA1C5B70}.Release|x64.Deploy.0 = Release|Any CPU
		{9B1F2465-F684-4309-9F91-994DCA1C5B70}.Release|x86.ActiveCfg = Release|Any CPU
		{9B1F2465-F684-4309-9F91-994DCA1C5B70}.Release|x86.Build.0 = Release|Any CPU
		{9B1F2465-F684-4309-9F91-994DCA1C5B70}.Release|x86.Deploy.0 = Release|Any CPU
		{AFC397B8-9B9E-4FDE-8B67-945ECF9857A7}.Debug|Any CPU.ActiveCfg = Debug|x86
		{AFC397B8-9B9E-4FDE-8B67-945ECF9857A7}.Debug|Any CPU.Build.0 = Debug|x86
		{AFC397B8-9B9E-4FDE-8B67-945ECF9857A7}.Debug|Any CPU.Deploy.0 = Debug|x86
		{AFC397B8-9B9E-4FDE-8B67-945ECF9857A7}.Debug|ARM.ActiveCfg = Debug|ARM
		{AFC397B8-9B9E-4FDE-8B67-945ECF9857A7}.Debug|ARM.Build.0 = Debug|ARM
		{AFC397B8-9B9E-4FDE-8B67-945ECF9857A7}.Debug|ARM.Deploy.0 = Debug|ARM
		{AFC397B8-9B9E-4FDE-8B67-945ECF9857A7}.Debug|x64.ActiveCfg = Debug|x64
		{AFC397B8-9B9E-4FDE-8B67-945ECF9857A7}.Debug|x64.Build.0 = Debug|x64
		{AFC397B8-9B9E-4FDE-8B67-945ECF9857A7}.Debug|x64.Deploy.0 = Debug|x64
		{AFC397B8-9B9E-4FDE-8B67-945ECF9857A7}.Debug|x86.ActiveCfg = Debug|x86
		{AFC397B8-9B9E-4FDE-8B67-945ECF9857A7}.Debug|x86.Build.0 = Debug|x86
		{AFC397B8-9B9E-4FDE-8B67-945ECF9857A7}.Debug|x86.Deploy.0 = Debug|x86
		{AFC397B8-9B9E-4FDE-8B67-945ECF9857A7}.Release|Any CPU.ActiveCfg = Release|x86
		{AFC397B8-9B9E-4FDE-8B67-945ECF9857A7}.Release|Any CPU.Build.0 = Release|x86
		{AFC397B8-9B9E-4FDE-8B67-945ECF9857A7}.Release|Any CPU.Deploy.0 = Release|x86
		{AFC397B8-9B9E-4FDE-8B67-945ECF9857A7}.Release|ARM.ActiveCfg = Release|ARM
		{AFC397B8-9B9E-4FDE-8B67-945ECF9857A7}.Release|ARM.Build.0 = Release|ARM
		{AFC397B8-9B9E-4FDE-8B67-945ECF9857A7}.Release|ARM.Deploy.0 = Release|ARM
		{AFC397B8-9B9E-4FDE-8B67-945ECF9857A7}.Release|x64.ActiveCfg = Release|x64
		{AFC397B8-9B9E-4FDE-8B67-945ECF9857A7}.Release|x64.Build.0 = Release|x64
		{AFC397B8-9B9E-4FDE-8B67-945ECF9857A7}.Release|x64.Deploy.0 = Release|x64
		{AFC397B8-9B9E-4FDE-8B67-945ECF9857A7}.Release|x86.ActiveCfg = Release|x86
		{AFC397B8-9B9E-4FDE-8B67-945ECF9857A7}.Release|x86.Build.0 = Release|x86
		{AFC397B8-9B9E-4FDE-8B67-945ECF9857A7}.Release|x86.Deploy.0 = Release|x86
		{217708AE-80D5-4971-A23C-FE6658008648}.Debug|Any CPU.ActiveCfg = Debug|Any CPU
		{217708AE-80D5-4971-A23C-FE6658008648}.Debug|Any CPU.Build.0 = Debug|Any CPU
		{217708AE-80D5-4971-A23C-FE6658008648}.Debug|Any CPU.Deploy.0 = Debug|Any CPU
		{217708AE-80D5-4971-A23C-FE6658008648}.Debug|ARM.ActiveCfg = Debug|Any CPU
		{217708AE-80D5-4971-A23C-FE6658008648}.Debug|ARM.Build.0 = Debug|Any CPU
		{217708AE-80D5-4971-A23C-FE6658008648}.Debug|ARM.Deploy.0 = Debug|Any CPU
		{217708AE-80D5-4971-A23C-FE6658008648}.Debug|x64.ActiveCfg = Debug|Any CPU
		{217708AE-80D5-4971-A23C-FE6658008648}.Debug|x64.Build.0 = Debug|Any CPU
		{217708AE-80D5-4971-A23C-FE6658008648}.Debug|x64.Deploy.0 = Debug|Any CPU
		{217708AE-80D5-4971-A23C-FE6658008648}.Debug|x86.ActiveCfg = Debug|Any CPU
		{217708AE-80D5-4971-A23C-FE6658008648}.Debug|x86.Build.0 = Debug|Any CPU
		{217708AE-80D5-4971-A23C-FE6658008648}.Debug|x86.Deploy.0 = Debug|Any CPU
		{217708AE-80D5-4971-A23C-FE6658008648}.Release|Any CPU.ActiveCfg = Release|Any CPU
		{217708AE-80D5-4971-A23C-FE6658008648}.Release|Any CPU.Build.0 = Release|Any CPU
		{217708AE-80D5-4971-A23C-FE6658008648}.Release|Any CPU.Deploy.0 = Release|Any CPU
		{217708AE-80D5-4971-A23C-FE6658008648}.Release|ARM.ActiveCfg = Release|Any CPU
		{217708AE-80D5-4971-A23C-FE6658008648}.Release|ARM.Build.0 = Release|Any CPU
		{217708AE-80D5-4971-A23C-FE6658008648}.Release|ARM.Deploy.0 = Release|Any CPU
		{217708AE-80D5-4971-A23C-FE6658008648}.Release|x64.ActiveCfg = Release|Any CPU
		{217708AE-80D5-4971-A23C-FE6658008648}.Release|x64.Build.0 = Release|Any CPU
		{217708AE-80D5-4971-A23C-FE6658008648}.Release|x64.Deploy.0 = Release|Any CPU
		{217708AE-80D5-4971-A23C-FE6658008648}.Release|x86.ActiveCfg = Release|Any CPU
		{217708AE-80D5-4971-A23C-FE6658008648}.Release|x86.Build.0 = Release|Any CPU
		{217708AE-80D5-4971-A23C-FE6658008648}.Release|x86.Deploy.0 = Release|Any CPU
	EndGlobalSection
	GlobalSection(SolutionProperties) = preSolution
		HideSolutionNode = FALSE
	EndGlobalSection
	GlobalSection(ExtensibilityGlobals) = postSolution
		SolutionGuid = {8034F060-EFBE-4BCC-BB6F-D6ED9AB5667D}
	EndGlobalSection
EndGlobal
