
Microsoft Visual Studio Solution File, Format Version 12.00
# Visual Studio 15
VisualStudioVersion = 15.0.28010.2036
MinimumVisualStudioVersion = 10.0.40219.1
Project("{FAE04EC0-301F-11D3-BF4B-00C04F79EFBC}") = "Xamarin_Sergio.Android", "Xamarin_Sergio\Xamarin_Sergio.Android\Xamarin_Sergio.Android.csproj", "{7864DBFF-CACB-4F3D-9B80-40B6C673611C}"
EndProject
Project("{FAE04EC0-301F-11D3-BF4B-00C04F79EFBC}") = "Xamarin_Sergio.iOS", "Xamarin_Sergio\Xamarin_Sergio.iOS\Xamarin_Sergio.iOS.csproj", "{57C98C09-6A05-4E22-B835-659DBF5ADBCF}"
EndProject
Project("{FAE04EC0-301F-11D3-BF4B-00C04F79EFBC}") = "Xamarin_Sergio.UWP", "Xamarin_Sergio\Xamarin_Sergio.UWP\Xamarin_Sergio.UWP.csproj", "{264AEE42-FB1D-4E0D-8071-16D2632FF9BF}"
EndProject
Project("{9A19103F-16F7-4668-BE54-9A1E7A4F7556}") = "Xamarin_Sergio", "Xamarin_Sergio\Xamarin_Sergio\Xamarin_Sergio.csproj", "{85F9E24C-C003-42F8-A2ED-DAD35115E919}"
EndProject
Global
	GlobalSection(SolutionConfigurationPlatforms) = preSolution
		Ad-Hoc|Any CPU = Ad-Hoc|Any CPU
		Ad-Hoc|ARM = Ad-Hoc|ARM
		Ad-Hoc|iPhone = Ad-Hoc|iPhone
		Ad-Hoc|iPhoneSimulator = Ad-Hoc|iPhoneSimulator
		Ad-Hoc|x64 = Ad-Hoc|x64
		Ad-Hoc|x86 = Ad-Hoc|x86
		AppStore|Any CPU = AppStore|Any CPU
		AppStore|ARM = AppStore|ARM
		AppStore|iPhone = AppStore|iPhone
		AppStore|iPhoneSimulator = AppStore|iPhoneSimulator
		AppStore|x64 = AppStore|x64
		AppStore|x86 = AppStore|x86
		Debug|Any CPU = Debug|Any CPU
		Debug|ARM = Debug|ARM
		Debug|iPhone = Debug|iPhone
		Debug|iPhoneSimulator = Debug|iPhoneSimulator
		Debug|x64 = Debug|x64
		Debug|x86 = Debug|x86
		Release|Any CPU = Release|Any CPU
		Release|ARM = Release|ARM
		Release|iPhone = Release|iPhone
		Release|iPhoneSimulator = Release|iPhoneSimulator
		Release|x64 = Release|x64
		Release|x86 = Release|x86
	EndGlobalSection
	GlobalSection(ProjectConfigurationPlatforms) = postSolution
		{7864DBFF-CACB-4F3D-9B80-40B6C673611C}.Ad-Hoc|Any CPU.ActiveCfg = Release|Any CPU
		{7864DBFF-CACB-4F3D-9B80-40B6C673611C}.Ad-Hoc|Any CPU.Build.0 = Release|Any CPU
		{7864DBFF-CACB-4F3D-9B80-40B6C673611C}.Ad-Hoc|Any CPU.Deploy.0 = Release|Any CPU
		{7864DBFF-CACB-4F3D-9B80-40B6C673611C}.Ad-Hoc|ARM.ActiveCfg = Release|Any CPU
		{7864DBFF-CACB-4F3D-9B80-40B6C673611C}.Ad-Hoc|ARM.Build.0 = Release|Any CPU
		{7864DBFF-CACB-4F3D-9B80-40B6C673611C}.Ad-Hoc|ARM.Deploy.0 = Release|Any CPU
		{7864DBFF-CACB-4F3D-9B80-40B6C673611C}.Ad-Hoc|iPhone.ActiveCfg = Release|Any CPU
		{7864DBFF-CACB-4F3D-9B80-40B6C673611C}.Ad-Hoc|iPhone.Build.0 = Release|Any CPU
		{7864DBFF-CACB-4F3D-9B80-40B6C673611C}.Ad-Hoc|iPhone.Deploy.0 = Release|Any CPU
		{7864DBFF-CACB-4F3D-9B80-40B6C673611C}.Ad-Hoc|iPhoneSimulator.ActiveCfg = Release|Any CPU
		{7864DBFF-CACB-4F3D-9B80-40B6C673611C}.Ad-Hoc|iPhoneSimulator.Build.0 = Release|Any CPU
		{7864DBFF-CACB-4F3D-9B80-40B6C673611C}.Ad-Hoc|iPhoneSimulator.Deploy.0 = Release|Any CPU
		{7864DBFF-CACB-4F3D-9B80-40B6C673611C}.Ad-Hoc|x64.ActiveCfg = Release|Any CPU
		{7864DBFF-CACB-4F3D-9B80-40B6C673611C}.Ad-Hoc|x64.Build.0 = Release|Any CPU
		{7864DBFF-CACB-4F3D-9B80-40B6C673611C}.Ad-Hoc|x64.Deploy.0 = Release|Any CPU
		{7864DBFF-CACB-4F3D-9B80-40B6C673611C}.Ad-Hoc|x86.ActiveCfg = Release|Any CPU
		{7864DBFF-CACB-4F3D-9B80-40B6C673611C}.Ad-Hoc|x86.Build.0 = Release|Any CPU
		{7864DBFF-CACB-4F3D-9B80-40B6C673611C}.Ad-Hoc|x86.Deploy.0 = Release|Any CPU
		{7864DBFF-CACB-4F3D-9B80-40B6C673611C}.AppStore|Any CPU.ActiveCfg = Release|Any CPU
		{7864DBFF-CACB-4F3D-9B80-40B6C673611C}.AppStore|Any CPU.Build.0 = Release|Any CPU
		{7864DBFF-CACB-4F3D-9B80-40B6C673611C}.AppStore|Any CPU.Deploy.0 = Release|Any CPU
		{7864DBFF-CACB-4F3D-9B80-40B6C673611C}.AppStore|ARM.ActiveCfg = Release|Any CPU
		{7864DBFF-CACB-4F3D-9B80-40B6C673611C}.AppStore|ARM.Build.0 = Release|Any CPU
		{7864DBFF-CACB-4F3D-9B80-40B6C673611C}.AppStore|ARM.Deploy.0 = Release|Any CPU
		{7864DBFF-CACB-4F3D-9B80-40B6C673611C}.AppStore|iPhone.ActiveCfg = Release|Any CPU
		{7864DBFF-CACB-4F3D-9B80-40B6C673611C}.AppStore|iPhone.Build.0 = Release|Any CPU
		{7864DBFF-CACB-4F3D-9B80-40B6C673611C}.AppStore|iPhone.Deploy.0 = Release|Any CPU
		{7864DBFF-CACB-4F3D-9B80-40B6C673611C}.AppStore|iPhoneSimulator.ActiveCfg = Release|Any CPU
		{7864DBFF-CACB-4F3D-9B80-40B6C673611C}.AppStore|iPhoneSimulator.Build.0 = Release|Any CPU
		{7864DBFF-CACB-4F3D-9B80-40B6C673611C}.AppStore|iPhoneSimulator.Deploy.0 = Release|Any CPU
		{7864DBFF-CACB-4F3D-9B80-40B6C673611C}.AppStore|x64.ActiveCfg = Release|Any CPU
		{7864DBFF-CACB-4F3D-9B80-40B6C673611C}.AppStore|x64.Build.0 = Release|Any CPU
		{7864DBFF-CACB-4F3D-9B80-40B6C673611C}.AppStore|x64.Deploy.0 = Release|Any CPU
		{7864DBFF-CACB-4F3D-9B80-40B6C673611C}.AppStore|x86.ActiveCfg = Release|Any CPU
		{7864DBFF-CACB-4F3D-9B80-40B6C673611C}.AppStore|x86.Build.0 = Release|Any CPU
		{7864DBFF-CACB-4F3D-9B80-40B6C673611C}.AppStore|x86.Deploy.0 = Release|Any CPU
		{7864DBFF-CACB-4F3D-9B80-40B6C673611C}.Debug|Any CPU.ActiveCfg = Debug|Any CPU
		{7864DBFF-CACB-4F3D-9B80-40B6C673611C}.Debug|Any CPU.Build.0 = Debug|Any CPU
		{7864DBFF-CACB-4F3D-9B80-40B6C673611C}.Debug|Any CPU.Deploy.0 = Debug|Any CPU
		{7864DBFF-CACB-4F3D-9B80-40B6C673611C}.Debug|ARM.ActiveCfg = Debug|Any CPU
		{7864DBFF-CACB-4F3D-9B80-40B6C673611C}.Debug|ARM.Build.0 = Debug|Any CPU
		{7864DBFF-CACB-4F3D-9B80-40B6C673611C}.Debug|ARM.Deploy.0 = Debug|Any CPU
		{7864DBFF-CACB-4F3D-9B80-40B6C673611C}.Debug|iPhone.ActiveCfg = Debug|Any CPU
		{7864DBFF-CACB-4F3D-9B80-40B6C673611C}.Debug|iPhone.Build.0 = Debug|Any CPU
		{7864DBFF-CACB-4F3D-9B80-40B6C673611C}.Debug|iPhone.Deploy.0 = Debug|Any CPU
		{7864DBFF-CACB-4F3D-9B80-40B6C673611C}.Debug|iPhoneSimulator.ActiveCfg = Debug|Any CPU
		{7864DBFF-CACB-4F3D-9B80-40B6C673611C}.Debug|iPhoneSimulator.Build.0 = Debug|Any CPU
		{7864DBFF-CACB-4F3D-9B80-40B6C673611C}.Debug|iPhoneSimulator.Deploy.0 = Debug|Any CPU
		{7864DBFF-CACB-4F3D-9B80-40B6C673611C}.Debug|x64.ActiveCfg = Debug|Any CPU
		{7864DBFF-CACB-4F3D-9B80-40B6C673611C}.Debug|x64.Build.0 = Debug|Any CPU
		{7864DBFF-CACB-4F3D-9B80-40B6C673611C}.Debug|x64.Deploy.0 = Debug|Any CPU
		{7864DBFF-CACB-4F3D-9B80-40B6C673611C}.Debug|x86.ActiveCfg = Debug|Any CPU
		{7864DBFF-CACB-4F3D-9B80-40B6C673611C}.Debug|x86.Build.0 = Debug|Any CPU
		{7864DBFF-CACB-4F3D-9B80-40B6C673611C}.Debug|x86.Deploy.0 = Debug|Any CPU
		{7864DBFF-CACB-4F3D-9B80-40B6C673611C}.Release|Any CPU.ActiveCfg = Release|Any CPU
		{7864DBFF-CACB-4F3D-9B80-40B6C673611C}.Release|Any CPU.Build.0 = Release|Any CPU
		{7864DBFF-CACB-4F3D-9B80-40B6C673611C}.Release|Any CPU.Deploy.0 = Release|Any CPU
		{7864DBFF-CACB-4F3D-9B80-40B6C673611C}.Release|ARM.ActiveCfg = Release|Any CPU
		{7864DBFF-CACB-4F3D-9B80-40B6C673611C}.Release|ARM.Build.0 = Release|Any CPU
		{7864DBFF-CACB-4F3D-9B80-40B6C673611C}.Release|ARM.Deploy.0 = Release|Any CPU
		{7864DBFF-CACB-4F3D-9B80-40B6C673611C}.Release|iPhone.ActiveCfg = Release|Any CPU
		{7864DBFF-CACB-4F3D-9B80-40B6C673611C}.Release|iPhone.Build.0 = Release|Any CPU
		{7864DBFF-CACB-4F3D-9B80-40B6C673611C}.Release|iPhone.Deploy.0 = Release|Any CPU
		{7864DBFF-CACB-4F3D-9B80-40B6C673611C}.Release|iPhoneSimulator.ActiveCfg = Release|Any CPU
		{7864DBFF-CACB-4F3D-9B80-40B6C673611C}.Release|iPhoneSimulator.Build.0 = Release|Any CPU
		{7864DBFF-CACB-4F3D-9B80-40B6C673611C}.Release|iPhoneSimulator.Deploy.0 = Release|Any CPU
		{7864DBFF-CACB-4F3D-9B80-40B6C673611C}.Release|x64.ActiveCfg = Release|Any CPU
		{7864DBFF-CACB-4F3D-9B80-40B6C673611C}.Release|x64.Build.0 = Release|Any CPU
		{7864DBFF-CACB-4F3D-9B80-40B6C673611C}.Release|x64.Deploy.0 = Release|Any CPU
		{7864DBFF-CACB-4F3D-9B80-40B6C673611C}.Release|x86.ActiveCfg = Release|Any CPU
		{7864DBFF-CACB-4F3D-9B80-40B6C673611C}.Release|x86.Build.0 = Release|Any CPU
		{7864DBFF-CACB-4F3D-9B80-40B6C673611C}.Release|x86.Deploy.0 = Release|Any CPU
		{57C98C09-6A05-4E22-B835-659DBF5ADBCF}.Ad-Hoc|Any CPU.ActiveCfg = Ad-Hoc|iPhone
		{57C98C09-6A05-4E22-B835-659DBF5ADBCF}.Ad-Hoc|Any CPU.Build.0 = Ad-Hoc|iPhone
		{57C98C09-6A05-4E22-B835-659DBF5ADBCF}.Ad-Hoc|Any CPU.Deploy.0 = Ad-Hoc|iPhone
		{57C98C09-6A05-4E22-B835-659DBF5ADBCF}.Ad-Hoc|ARM.ActiveCfg = Ad-Hoc|iPhone
		{57C98C09-6A05-4E22-B835-659DBF5ADBCF}.Ad-Hoc|ARM.Build.0 = Ad-Hoc|iPhone
		{57C98C09-6A05-4E22-B835-659DBF5ADBCF}.Ad-Hoc|ARM.Deploy.0 = Ad-Hoc|iPhone
		{57C98C09-6A05-4E22-B835-659DBF5ADBCF}.Ad-Hoc|iPhone.ActiveCfg = Ad-Hoc|iPhone
		{57C98C09-6A05-4E22-B835-659DBF5ADBCF}.Ad-Hoc|iPhone.Build.0 = Ad-Hoc|iPhone
		{57C98C09-6A05-4E22-B835-659DBF5ADBCF}.Ad-Hoc|iPhone.Deploy.0 = Ad-Hoc|iPhone
		{57C98C09-6A05-4E22-B835-659DBF5ADBCF}.Ad-Hoc|iPhoneSimulator.ActiveCfg = Ad-Hoc|iPhoneSimulator
		{57C98C09-6A05-4E22-B835-659DBF5ADBCF}.Ad-Hoc|iPhoneSimulator.Build.0 = Ad-Hoc|iPhoneSimulator
		{57C98C09-6A05-4E22-B835-659DBF5ADBCF}.Ad-Hoc|iPhoneSimulator.Deploy.0 = Ad-Hoc|iPhoneSimulator
		{57C98C09-6A05-4E22-B835-659DBF5ADBCF}.Ad-Hoc|x64.ActiveCfg = Ad-Hoc|iPhone
		{57C98C09-6A05-4E22-B835-659DBF5ADBCF}.Ad-Hoc|x64.Build.0 = Ad-Hoc|iPhone
		{57C98C09-6A05-4E22-B835-659DBF5ADBCF}.Ad-Hoc|x64.Deploy.0 = Ad-Hoc|iPhone
		{57C98C09-6A05-4E22-B835-659DBF5ADBCF}.Ad-Hoc|x86.ActiveCfg = Ad-Hoc|iPhone
		{57C98C09-6A05-4E22-B835-659DBF5ADBCF}.Ad-Hoc|x86.Build.0 = Ad-Hoc|iPhone
		{57C98C09-6A05-4E22-B835-659DBF5ADBCF}.Ad-Hoc|x86.Deploy.0 = Ad-Hoc|iPhone
		{57C98C09-6A05-4E22-B835-659DBF5ADBCF}.AppStore|Any CPU.ActiveCfg = AppStore|iPhone
		{57C98C09-6A05-4E22-B835-659DBF5ADBCF}.AppStore|Any CPU.Build.0 = AppStore|iPhone
		{57C98C09-6A05-4E22-B835-659DBF5ADBCF}.AppStore|Any CPU.Deploy.0 = AppStore|iPhone
		{57C98C09-6A05-4E22-B835-659DBF5ADBCF}.AppStore|ARM.ActiveCfg = AppStore|iPhone
		{57C98C09-6A05-4E22-B835-659DBF5ADBCF}.AppStore|ARM.Build.0 = AppStore|iPhone
		{57C98C09-6A05-4E22-B835-659DBF5ADBCF}.AppStore|ARM.Deploy.0 = AppStore|iPhone
		{57C98C09-6A05-4E22-B835-659DBF5ADBCF}.AppStore|iPhone.ActiveCfg = AppStore|iPhone
		{57C98C09-6A05-4E22-B835-659DBF5ADBCF}.AppStore|iPhone.Build.0 = AppStore|iPhone
		{57C98C09-6A05-4E22-B835-659DBF5ADBCF}.AppStore|iPhone.Deploy.0 = AppStore|iPhone
		{57C98C09-6A05-4E22-B835-659DBF5ADBCF}.AppStore|iPhoneSimulator.ActiveCfg = AppStore|iPhoneSimulator
		{57C98C09-6A05-4E22-B835-659DBF5ADBCF}.AppStore|iPhoneSimulator.Build.0 = AppStore|iPhoneSimulator
		{57C98C09-6A05-4E22-B835-659DBF5ADBCF}.AppStore|iPhoneSimulator.Deploy.0 = AppStore|iPhoneSimulator
		{57C98C09-6A05-4E22-B835-659DBF5ADBCF}.AppStore|x64.ActiveCfg = AppStore|iPhone
		{57C98C09-6A05-4E22-B835-659DBF5ADBCF}.AppStore|x64.Build.0 = AppStore|iPhone
		{57C98C09-6A05-4E22-B835-659DBF5ADBCF}.AppStore|x64.Deploy.0 = AppStore|iPhone
		{57C98C09-6A05-4E22-B835-659DBF5ADBCF}.AppStore|x86.ActiveCfg = AppStore|iPhone
		{57C98C09-6A05-4E22-B835-659DBF5ADBCF}.AppStore|x86.Build.0 = AppStore|iPhone
		{57C98C09-6A05-4E22-B835-659DBF5ADBCF}.AppStore|x86.Deploy.0 = AppStore|iPhone
		{57C98C09-6A05-4E22-B835-659DBF5ADBCF}.Debug|Any CPU.ActiveCfg = Debug|iPhoneSimulator
		{57C98C09-6A05-4E22-B835-659DBF5ADBCF}.Debug|Any CPU.Deploy.0 = Debug|iPhoneSimulator
		{57C98C09-6A05-4E22-B835-659DBF5ADBCF}.Debug|ARM.ActiveCfg = Debug|iPhone
		{57C98C09-6A05-4E22-B835-659DBF5ADBCF}.Debug|ARM.Build.0 = Debug|iPhone
		{57C98C09-6A05-4E22-B835-659DBF5ADBCF}.Debug|ARM.Deploy.0 = Debug|iPhone
		{57C98C09-6A05-4E22-B835-659DBF5ADBCF}.Debug|iPhone.ActiveCfg = Debug|iPhone
		{57C98C09-6A05-4E22-B835-659DBF5ADBCF}.Debug|iPhone.Build.0 = Debug|iPhone
		{57C98C09-6A05-4E22-B835-659DBF5ADBCF}.Debug|iPhone.Deploy.0 = Debug|iPhone
		{57C98C09-6A05-4E22-B835-659DBF5ADBCF}.Debug|iPhoneSimulator.ActiveCfg = Debug|iPhoneSimulator
		{57C98C09-6A05-4E22-B835-659DBF5ADBCF}.Debug|iPhoneSimulator.Build.0 = Debug|iPhoneSimulator
		{57C98C09-6A05-4E22-B835-659DBF5ADBCF}.Debug|iPhoneSimulator.Deploy.0 = Debug|iPhoneSimulator
		{57C98C09-6A05-4E22-B835-659DBF5ADBCF}.Debug|x64.ActiveCfg = Debug|iPhone
		{57C98C09-6A05-4E22-B835-659DBF5ADBCF}.Debug|x64.Build.0 = Debug|iPhone
		{57C98C09-6A05-4E22-B835-659DBF5ADBCF}.Debug|x64.Deploy.0 = Debug|iPhone
		{57C98C09-6A05-4E22-B835-659DBF5ADBCF}.Debug|x86.ActiveCfg = Debug|iPhone
		{57C98C09-6A05-4E22-B835-659DBF5ADBCF}.Debug|x86.Build.0 = Debug|iPhone
		{57C98C09-6A05-4E22-B835-659DBF5ADBCF}.Debug|x86.Deploy.0 = Debug|iPhone
		{57C98C09-6A05-4E22-B835-659DBF5ADBCF}.Release|Any CPU.ActiveCfg = Release|iPhone
		{57C98C09-6A05-4E22-B835-659DBF5ADBCF}.Release|Any CPU.Build.0 = Release|iPhone
		{57C98C09-6A05-4E22-B835-659DBF5ADBCF}.Release|Any CPU.Deploy.0 = Release|iPhone
		{57C98C09-6A05-4E22-B835-659DBF5ADBCF}.Release|ARM.ActiveCfg = Release|iPhone
		{57C98C09-6A05-4E22-B835-659DBF5ADBCF}.Release|ARM.Build.0 = Release|iPhone
		{57C98C09-6A05-4E22-B835-659DBF5ADBCF}.Release|ARM.Deploy.0 = Release|iPhone
		{57C98C09-6A05-4E22-B835-659DBF5ADBCF}.Release|iPhone.ActiveCfg = Release|iPhone
		{57C98C09-6A05-4E22-B835-659DBF5ADBCF}.Release|iPhone.Build.0 = Release|iPhone
		{57C98C09-6A05-4E22-B835-659DBF5ADBCF}.Release|iPhone.Deploy.0 = Release|iPhone
		{57C98C09-6A05-4E22-B835-659DBF5ADBCF}.Release|iPhoneSimulator.ActiveCfg = Release|iPhoneSimulator
		{57C98C09-6A05-4E22-B835-659DBF5ADBCF}.Release|iPhoneSimulator.Build.0 = Release|iPhoneSimulator
		{57C98C09-6A05-4E22-B835-659DBF5ADBCF}.Release|iPhoneSimulator.Deploy.0 = Release|iPhoneSimulator
		{57C98C09-6A05-4E22-B835-659DBF5ADBCF}.Release|x64.ActiveCfg = Release|iPhone
		{57C98C09-6A05-4E22-B835-659DBF5ADBCF}.Release|x64.Build.0 = Release|iPhone
		{57C98C09-6A05-4E22-B835-659DBF5ADBCF}.Release|x64.Deploy.0 = Release|iPhone
		{57C98C09-6A05-4E22-B835-659DBF5ADBCF}.Release|x86.ActiveCfg = Release|iPhone
		{57C98C09-6A05-4E22-B835-659DBF5ADBCF}.Release|x86.Build.0 = Release|iPhone
		{57C98C09-6A05-4E22-B835-659DBF5ADBCF}.Release|x86.Deploy.0 = Release|iPhone
		{264AEE42-FB1D-4E0D-8071-16D2632FF9BF}.Ad-Hoc|Any CPU.ActiveCfg = Release|x86
		{264AEE42-FB1D-4E0D-8071-16D2632FF9BF}.Ad-Hoc|Any CPU.Build.0 = Release|x86
		{264AEE42-FB1D-4E0D-8071-16D2632FF9BF}.Ad-Hoc|Any CPU.Deploy.0 = Release|x86
		{264AEE42-FB1D-4E0D-8071-16D2632FF9BF}.Ad-Hoc|ARM.ActiveCfg = Release|ARM
		{264AEE42-FB1D-4E0D-8071-16D2632FF9BF}.Ad-Hoc|ARM.Build.0 = Release|ARM
		{264AEE42-FB1D-4E0D-8071-16D2632FF9BF}.Ad-Hoc|ARM.Deploy.0 = Release|ARM
		{264AEE42-FB1D-4E0D-8071-16D2632FF9BF}.Ad-Hoc|iPhone.ActiveCfg = Release|x86
		{264AEE42-FB1D-4E0D-8071-16D2632FF9BF}.Ad-Hoc|iPhone.Build.0 = Release|x86
		{264AEE42-FB1D-4E0D-8071-16D2632FF9BF}.Ad-Hoc|iPhone.Deploy.0 = Release|x86
		{264AEE42-FB1D-4E0D-8071-16D2632FF9BF}.Ad-Hoc|iPhoneSimulator.ActiveCfg = Release|x86
		{264AEE42-FB1D-4E0D-8071-16D2632FF9BF}.Ad-Hoc|iPhoneSimulator.Build.0 = Release|x86
		{264AEE42-FB1D-4E0D-8071-16D2632FF9BF}.Ad-Hoc|iPhoneSimulator.Deploy.0 = Release|x86
		{264AEE42-FB1D-4E0D-8071-16D2632FF9BF}.Ad-Hoc|x64.ActiveCfg = Release|x64
		{264AEE42-FB1D-4E0D-8071-16D2632FF9BF}.Ad-Hoc|x64.Build.0 = Release|x64
		{264AEE42-FB1D-4E0D-8071-16D2632FF9BF}.Ad-Hoc|x64.Deploy.0 = Release|x64
		{264AEE42-FB1D-4E0D-8071-16D2632FF9BF}.Ad-Hoc|x86.ActiveCfg = Release|x86
		{264AEE42-FB1D-4E0D-8071-16D2632FF9BF}.Ad-Hoc|x86.Build.0 = Release|x86
		{264AEE42-FB1D-4E0D-8071-16D2632FF9BF}.Ad-Hoc|x86.Deploy.0 = Release|x86
		{264AEE42-FB1D-4E0D-8071-16D2632FF9BF}.AppStore|Any CPU.ActiveCfg = Release|x86
		{264AEE42-FB1D-4E0D-8071-16D2632FF9BF}.AppStore|Any CPU.Build.0 = Release|x86
		{264AEE42-FB1D-4E0D-8071-16D2632FF9BF}.AppStore|Any CPU.Deploy.0 = Release|x86
		{264AEE42-FB1D-4E0D-8071-16D2632FF9BF}.AppStore|ARM.ActiveCfg = Release|ARM
		{264AEE42-FB1D-4E0D-8071-16D2632FF9BF}.AppStore|ARM.Build.0 = Release|ARM
		{264AEE42-FB1D-4E0D-8071-16D2632FF9BF}.AppStore|ARM.Deploy.0 = Release|ARM
		{264AEE42-FB1D-4E0D-8071-16D2632FF9BF}.AppStore|iPhone.ActiveCfg = Release|x86
		{264AEE42-FB1D-4E0D-8071-16D2632FF9BF}.AppStore|iPhone.Build.0 = Release|x86
		{264AEE42-FB1D-4E0D-8071-16D2632FF9BF}.AppStore|iPhone.Deploy.0 = Release|x86
		{264AEE42-FB1D-4E0D-8071-16D2632FF9BF}.AppStore|iPhoneSimulator.ActiveCfg = Release|x86
		{264AEE42-FB1D-4E0D-8071-16D2632FF9BF}.AppStore|iPhoneSimulator.Build.0 = Release|x86
		{264AEE42-FB1D-4E0D-8071-16D2632FF9BF}.AppStore|iPhoneSimulator.Deploy.0 = Release|x86
		{264AEE42-FB1D-4E0D-8071-16D2632FF9BF}.AppStore|x64.ActiveCfg = Release|x64
		{264AEE42-FB1D-4E0D-8071-16D2632FF9BF}.AppStore|x64.Build.0 = Release|x64
		{264AEE42-FB1D-4E0D-8071-16D2632FF9BF}.AppStore|x64.Deploy.0 = Release|x64
		{264AEE42-FB1D-4E0D-8071-16D2632FF9BF}.AppStore|x86.ActiveCfg = Release|x86
		{264AEE42-FB1D-4E0D-8071-16D2632FF9BF}.AppStore|x86.Build.0 = Release|x86
		{264AEE42-FB1D-4E0D-8071-16D2632FF9BF}.AppStore|x86.Deploy.0 = Release|x86
		{264AEE42-FB1D-4E0D-8071-16D2632FF9BF}.Debug|Any CPU.ActiveCfg = Debug|x86
		{264AEE42-FB1D-4E0D-8071-16D2632FF9BF}.Debug|Any CPU.Build.0 = Debug|x86
		{264AEE42-FB1D-4E0D-8071-16D2632FF9BF}.Debug|Any CPU.Deploy.0 = Debug|x86
		{264AEE42-FB1D-4E0D-8071-16D2632FF9BF}.Debug|ARM.ActiveCfg = Debug|ARM
		{264AEE42-FB1D-4E0D-8071-16D2632FF9BF}.Debug|ARM.Build.0 = Debug|ARM
		{264AEE42-FB1D-4E0D-8071-16D2632FF9BF}.Debug|ARM.Deploy.0 = Debug|ARM
		{264AEE42-FB1D-4E0D-8071-16D2632FF9BF}.Debug|iPhone.ActiveCfg = Debug|x86
		{264AEE42-FB1D-4E0D-8071-16D2632FF9BF}.Debug|iPhone.Build.0 = Debug|x86
		{264AEE42-FB1D-4E0D-8071-16D2632FF9BF}.Debug|iPhone.Deploy.0 = Debug|x86
		{264AEE42-FB1D-4E0D-8071-16D2632FF9BF}.Debug|iPhoneSimulator.ActiveCfg = Debug|x86
		{264AEE42-FB1D-4E0D-8071-16D2632FF9BF}.Debug|iPhoneSimulator.Build.0 = Debug|x86
		{264AEE42-FB1D-4E0D-8071-16D2632FF9BF}.Debug|iPhoneSimulator.Deploy.0 = Debug|x86
		{264AEE42-FB1D-4E0D-8071-16D2632FF9BF}.Debug|x64.ActiveCfg = Debug|x64
		{264AEE42-FB1D-4E0D-8071-16D2632FF9BF}.Debug|x64.Build.0 = Debug|x64
		{264AEE42-FB1D-4E0D-8071-16D2632FF9BF}.Debug|x64.Deploy.0 = Debug|x64
		{264AEE42-FB1D-4E0D-8071-16D2632FF9BF}.Debug|x86.ActiveCfg = Debug|x86
		{264AEE42-FB1D-4E0D-8071-16D2632FF9BF}.Debug|x86.Build.0 = Debug|x86
		{264AEE42-FB1D-4E0D-8071-16D2632FF9BF}.Debug|x86.Deploy.0 = Debug|x86
		{264AEE42-FB1D-4E0D-8071-16D2632FF9BF}.Release|Any CPU.ActiveCfg = Release|x86
		{264AEE42-FB1D-4E0D-8071-16D2632FF9BF}.Release|Any CPU.Build.0 = Release|x86
		{264AEE42-FB1D-4E0D-8071-16D2632FF9BF}.Release|Any CPU.Deploy.0 = Release|x86
		{264AEE42-FB1D-4E0D-8071-16D2632FF9BF}.Release|ARM.ActiveCfg = Release|ARM
		{264AEE42-FB1D-4E0D-8071-16D2632FF9BF}.Release|ARM.Build.0 = Release|ARM
		{264AEE42-FB1D-4E0D-8071-16D2632FF9BF}.Release|ARM.Deploy.0 = Release|ARM
		{264AEE42-FB1D-4E0D-8071-16D2632FF9BF}.Release|iPhone.ActiveCfg = Release|x86
		{264AEE42-FB1D-4E0D-8071-16D2632FF9BF}.Release|iPhone.Build.0 = Release|x86
		{264AEE42-FB1D-4E0D-8071-16D2632FF9BF}.Release|iPhone.Deploy.0 = Release|x86
		{264AEE42-FB1D-4E0D-8071-16D2632FF9BF}.Release|iPhoneSimulator.ActiveCfg = Release|x86
		{264AEE42-FB1D-4E0D-8071-16D2632FF9BF}.Release|iPhoneSimulator.Build.0 = Release|x86
		{264AEE42-FB1D-4E0D-8071-16D2632FF9BF}.Release|iPhoneSimulator.Deploy.0 = Release|x86
		{264AEE42-FB1D-4E0D-8071-16D2632FF9BF}.Release|x64.ActiveCfg = Release|x64
		{264AEE42-FB1D-4E0D-8071-16D2632FF9BF}.Release|x64.Build.0 = Release|x64
		{264AEE42-FB1D-4E0D-8071-16D2632FF9BF}.Release|x64.Deploy.0 = Release|x64
		{264AEE42-FB1D-4E0D-8071-16D2632FF9BF}.Release|x86.ActiveCfg = Release|x86
		{264AEE42-FB1D-4E0D-8071-16D2632FF9BF}.Release|x86.Build.0 = Release|x86
		{264AEE42-FB1D-4E0D-8071-16D2632FF9BF}.Release|x86.Deploy.0 = Release|x86
		{85F9E24C-C003-42F8-A2ED-DAD35115E919}.Ad-Hoc|Any CPU.ActiveCfg = Debug|Any CPU
		{85F9E24C-C003-42F8-A2ED-DAD35115E919}.Ad-Hoc|Any CPU.Build.0 = Debug|Any CPU
		{85F9E24C-C003-42F8-A2ED-DAD35115E919}.Ad-Hoc|Any CPU.Deploy.0 = Debug|Any CPU
		{85F9E24C-C003-42F8-A2ED-DAD35115E919}.Ad-Hoc|ARM.ActiveCfg = Debug|Any CPU
		{85F9E24C-C003-42F8-A2ED-DAD35115E919}.Ad-Hoc|ARM.Build.0 = Debug|Any CPU
		{85F9E24C-C003-42F8-A2ED-DAD35115E919}.Ad-Hoc|ARM.Deploy.0 = Debug|Any CPU
		{85F9E24C-C003-42F8-A2ED-DAD35115E919}.Ad-Hoc|iPhone.ActiveCfg = Debug|Any CPU
		{85F9E24C-C003-42F8-A2ED-DAD35115E919}.Ad-Hoc|iPhone.Build.0 = Debug|Any CPU
		{85F9E24C-C003-42F8-A2ED-DAD35115E919}.Ad-Hoc|iPhone.Deploy.0 = Debug|Any CPU
		{85F9E24C-C003-42F8-A2ED-DAD35115E919}.Ad-Hoc|iPhoneSimulator.ActiveCfg = Debug|Any CPU
		{85F9E24C-C003-42F8-A2ED-DAD35115E919}.Ad-Hoc|iPhoneSimulator.Build.0 = Debug|Any CPU
		{85F9E24C-C003-42F8-A2ED-DAD35115E919}.Ad-Hoc|iPhoneSimulator.Deploy.0 = Debug|Any CPU
		{85F9E24C-C003-42F8-A2ED-DAD35115E919}.Ad-Hoc|x64.ActiveCfg = Debug|Any CPU
		{85F9E24C-C003-42F8-A2ED-DAD35115E919}.Ad-Hoc|x64.Build.0 = Debug|Any CPU
		{85F9E24C-C003-42F8-A2ED-DAD35115E919}.Ad-Hoc|x64.Deploy.0 = Debug|Any CPU
		{85F9E24C-C003-42F8-A2ED-DAD35115E919}.Ad-Hoc|x86.ActiveCfg = Debug|Any CPU
		{85F9E24C-C003-42F8-A2ED-DAD35115E919}.Ad-Hoc|x86.Build.0 = Debug|Any CPU
		{85F9E24C-C003-42F8-A2ED-DAD35115E919}.Ad-Hoc|x86.Deploy.0 = Debug|Any CPU
		{85F9E24C-C003-42F8-A2ED-DAD35115E919}.AppStore|Any CPU.ActiveCfg = Debug|Any CPU
		{85F9E24C-C003-42F8-A2ED-DAD35115E919}.AppStore|Any CPU.Build.0 = Debug|Any CPU
		{85F9E24C-C003-42F8-A2ED-DAD35115E919}.AppStore|Any CPU.Deploy.0 = Debug|Any CPU
		{85F9E24C-C003-42F8-A2ED-DAD35115E919}.AppStore|ARM.ActiveCfg = Debug|Any CPU
		{85F9E24C-C003-42F8-A2ED-DAD35115E919}.AppStore|ARM.Build.0 = Debug|Any CPU
		{85F9E24C-C003-42F8-A2ED-DAD35115E919}.AppStore|ARM.Deploy.0 = Debug|Any CPU
		{85F9E24C-C003-42F8-A2ED-DAD35115E919}.AppStore|iPhone.ActiveCfg = Debug|Any CPU
		{85F9E24C-C003-42F8-A2ED-DAD35115E919}.AppStore|iPhone.Build.0 = Debug|Any CPU
		{85F9E24C-C003-42F8-A2ED-DAD35115E919}.AppStore|iPhone.Deploy.0 = Debug|Any CPU
		{85F9E24C-C003-42F8-A2ED-DAD35115E919}.AppStore|iPhoneSimulator.ActiveCfg = Debug|Any CPU
		{85F9E24C-C003-42F8-A2ED-DAD35115E919}.AppStore|iPhoneSimulator.Build.0 = Debug|Any CPU
		{85F9E24C-C003-42F8-A2ED-DAD35115E919}.AppStore|iPhoneSimulator.Deploy.0 = Debug|Any CPU
		{85F9E24C-C003-42F8-A2ED-DAD35115E919}.AppStore|x64.ActiveCfg = Debug|Any CPU
		{85F9E24C-C003-42F8-A2ED-DAD35115E919}.AppStore|x64.Build.0 = Debug|Any CPU
		{85F9E24C-C003-42F8-A2ED-DAD35115E919}.AppStore|x64.Deploy.0 = Debug|Any CPU
		{85F9E24C-C003-42F8-A2ED-DAD35115E919}.AppStore|x86.ActiveCfg = Debug|Any CPU
		{85F9E24C-C003-42F8-A2ED-DAD35115E919}.AppStore|x86.Build.0 = Debug|Any CPU
		{85F9E24C-C003-42F8-A2ED-DAD35115E919}.AppStore|x86.Deploy.0 = Debug|Any CPU
		{85F9E24C-C003-42F8-A2ED-DAD35115E919}.Debug|Any CPU.ActiveCfg = Debug|Any CPU
		{85F9E24C-C003-42F8-A2ED-DAD35115E919}.Debug|Any CPU.Deploy.0 = Debug|Any CPU
		{85F9E24C-C003-42F8-A2ED-DAD35115E919}.Debug|ARM.ActiveCfg = Debug|Any CPU
		{85F9E24C-C003-42F8-A2ED-DAD35115E919}.Debug|ARM.Build.0 = Debug|Any CPU
		{85F9E24C-C003-42F8-A2ED-DAD35115E919}.Debug|ARM.Deploy.0 = Debug|Any CPU
		{85F9E24C-C003-42F8-A2ED-DAD35115E919}.Debug|iPhone.ActiveCfg = Debug|Any CPU
		{85F9E24C-C003-42F8-A2ED-DAD35115E919}.Debug|iPhone.Build.0 = Debug|Any CPU
		{85F9E24C-C003-42F8-A2ED-DAD35115E919}.Debug|iPhone.Deploy.0 = Debug|Any CPU
		{85F9E24C-C003-42F8-A2ED-DAD35115E919}.Debug|iPhoneSimulator.ActiveCfg = Debug|Any CPU
		{85F9E24C-C003-42F8-A2ED-DAD35115E919}.Debug|iPhoneSimulator.Build.0 = Debug|Any CPU
		{85F9E24C-C003-42F8-A2ED-DAD35115E919}.Debug|iPhoneSimulator.Deploy.0 = Debug|Any CPU
		{85F9E24C-C003-42F8-A2ED-DAD35115E919}.Debug|x64.ActiveCfg = Debug|Any CPU
		{85F9E24C-C003-42F8-A2ED-DAD35115E919}.Debug|x64.Build.0 = Debug|Any CPU
		{85F9E24C-C003-42F8-A2ED-DAD35115E919}.Debug|x64.Deploy.0 = Debug|Any CPU
		{85F9E24C-C003-42F8-A2ED-DAD35115E919}.Debug|x86.ActiveCfg = Debug|Any CPU
		{85F9E24C-C003-42F8-A2ED-DAD35115E919}.Debug|x86.Build.0 = Debug|Any CPU
		{85F9E24C-C003-42F8-A2ED-DAD35115E919}.Debug|x86.Deploy.0 = Debug|Any CPU
		{85F9E24C-C003-42F8-A2ED-DAD35115E919}.Release|Any CPU.ActiveCfg = Release|Any CPU
		{85F9E24C-C003-42F8-A2ED-DAD35115E919}.Release|Any CPU.Build.0 = Release|Any CPU
		{85F9E24C-C003-42F8-A2ED-DAD35115E919}.Release|Any CPU.Deploy.0 = Release|Any CPU
		{85F9E24C-C003-42F8-A2ED-DAD35115E919}.Release|ARM.ActiveCfg = Release|Any CPU
		{85F9E24C-C003-42F8-A2ED-DAD35115E919}.Release|ARM.Build.0 = Release|Any CPU
		{85F9E24C-C003-42F8-A2ED-DAD35115E919}.Release|ARM.Deploy.0 = Release|Any CPU
		{85F9E24C-C003-42F8-A2ED-DAD35115E919}.Release|iPhone.ActiveCfg = Release|Any CPU
		{85F9E24C-C003-42F8-A2ED-DAD35115E919}.Release|iPhone.Build.0 = Release|Any CPU
		{85F9E24C-C003-42F8-A2ED-DAD35115E919}.Release|iPhone.Deploy.0 = Release|Any CPU
		{85F9E24C-C003-42F8-A2ED-DAD35115E919}.Release|iPhoneSimulator.ActiveCfg = Release|Any CPU
		{85F9E24C-C003-42F8-A2ED-DAD35115E919}.Release|iPhoneSimulator.Build.0 = Release|Any CPU
		{85F9E24C-C003-42F8-A2ED-DAD35115E919}.Release|iPhoneSimulator.Deploy.0 = Release|Any CPU
		{85F9E24C-C003-42F8-A2ED-DAD35115E919}.Release|x64.ActiveCfg = Release|Any CPU
		{85F9E24C-C003-42F8-A2ED-DAD35115E919}.Release|x64.Build.0 = Release|Any CPU
		{85F9E24C-C003-42F8-A2ED-DAD35115E919}.Release|x64.Deploy.0 = Release|Any CPU
		{85F9E24C-C003-42F8-A2ED-DAD35115E919}.Release|x86.ActiveCfg = Release|Any CPU
		{85F9E24C-C003-42F8-A2ED-DAD35115E919}.Release|x86.Build.0 = Release|Any CPU
		{85F9E24C-C003-42F8-A2ED-DAD35115E919}.Release|x86.Deploy.0 = Release|Any CPU
	EndGlobalSection
	GlobalSection(SolutionProperties) = preSolution
		HideSolutionNode = FALSE
	EndGlobalSection
	GlobalSection(ExtensibilityGlobals) = postSolution
		SolutionGuid = {7D7001C7-C4CD-42C8-AC9A-7FA6F04E4998}
	EndGlobalSection
EndGlobal
